
Microsoft Visual Studio Solution File, Format Version 12.00
Project("{FAE04EC0-301F-11D3-BF4B-00C04F79EFBC}") = "YouTubeDownloader", "YouTubeDownloader.csproj", "{FA41572B-3946-4585-9F58-26AEA261F892}"
EndProject
Global
	GlobalSection(SolutionConfigurationPlatforms) = preSolution
		Debug|Any CPU = Debug|Any CPU
		Release|Any CPU = Release|Any CPU
	EndGlobalSection
	GlobalSection(ProjectConfigurationPlatforms) = postSolution
		{FA41572B-3946-4585-9F58-26AEA261F892}.Debug|Any CPU.ActiveCfg = Debug|Any CPU
		{FA41572B-3946-4585-9F58-26AEA261F892}.Debug|Any CPU.Build.0 = Debug|Any CPU
		{FA41572B-3946-4585-9F58-26AEA261F892}.Release|Any CPU.ActiveCfg = Release|Any CPU
		{FA41572B-3946-4585-9F58-26AEA261F892}.Release|Any CPU.Build.0 = Release|Any CPU
	EndGlobalSection
EndGlobal
